hash: 0db25d98cdb3bde60e41c06e42dc88c287b4d6ae89b71105d187448218181c62
updated: 2017-05-29T15:41:59.736612533+04:30
imports:
- name: github.com/Luxurioust/excelize
  version: e41ee8a12437250034620285c926cdecbff85e00
- name: github.com/tealeg/xlsx
  version: cbd41c13621a761938cfef0a3d365a75968d54d9
- name: github.com/technoweenie/multipartstreamer
  version: a90a01d73ae432e2611d178c18367fbaa13e0154
- name: gopkg.in/telegram-bot-api.v4
  version: 0a57807db79efce7f6719fbb2c0e0f83fda79aec
testImports: []
